{
  "name": "simple",
  "lockfileVersion": 3,
  "requires": true,
  "packages": {
    "": {
      "devDependencies": {
        "dotenv": "^16.0.3"
      },
      "workspaces": {
        "packages": [
          "./package1"
        ]
      }
    },
    "node_modules/dotenv": {
      "version": "16.0.3",
      "resolved": "https://registry.npmjs.org/dotenv/-/dotenv-16.0.3.tgz",
      "integrity": "sha512-7GO6HghkA5fYG9TYnNxi14/7K9f5occMlp3zXAuSxn7CKCxt9xbNWG7yF8hTCSUchlfWSe3uLmlPfigevRItzQ==",
      "dev": true,
      "engines": {
        "node": ">=12"
      }
    },
    "node_modules/package1": {
      "resolved": "package1",
      "link": true
    },
    "package1": {
      "devDependencies": {
        "dotenv": "^15.0.1"
      }
    },
    "package1/node_modules/dotenv": {
      "version": "15.0.1",
      "resolved": "https://registry.npmjs.org/dotenv/-/dotenv-15.0.1.tgz",
      "integrity": "sha512-4OnbwRfzR+xQThp7uq1xpUS9fmgZ//njexOtPjPSbK3yHGrSHSJnaJRsXderSSm2elfvVj+Y5awDC0I8Oy8rkA==",
      "dev": true,
      "engines": {
        "node": ">=12"
      }
    }
  }
}
